
Microsoft Visual Studio Solution File, Format Version 12.00
# Visual Studio Version 16
VisualStudioVersion = 16.0.30404.54
MinimumVisualStudioVersion = 10.0.40219.1
Project("{2150E333-8FDC-42A3-9474-1A3956D46DE8}") = "SolutionFiles", "SolutionFiles", "{9E670137-8739-4C9C-8693-797A230F38EB}"
	ProjectSection(SolutionItems) = preProject
		..\appveyor.yml = ..\appveyor.yml
		..\README.md = ..\README.md
	EndProjectSection
EndProject
Project("{9A19103F-16F7-4668-BE54-9A1E7A4F7556}") = "MasterDevs.ChromeDevTools", "MasterDevs.ChromeDevTools\MasterDevs.ChromeDevTools.csproj", "{A71485AE-BB9C-43EE-89B5-D60736EE7DC1}"
EndProject
Project("{9A19103F-16F7-4668-BE54-9A1E7A4F7556}") = "MasterDevs.ChromeDevTools.ProtocolGenerator", "MasterDevs.ChromeDevTools.ProtocolGenerator\MasterDevs.ChromeDevTools.ProtocolGenerator.csproj", "{3716177A-5D49-4A1A-B9E8-79B5DB3264E3}"
EndProject
Project("{9A19103F-16F7-4668-BE54-9A1E7A4F7556}") = "MasterDevs.ChromeDevTools.Sample", "MasterDevs.ChromeDevTools.Sample\MasterDevs.ChromeDevTools.Sample.csproj", "{B9818BA1-7545-4445-9AF9-FD1E4F99B663}"
EndProject
Global
	GlobalSection(SolutionConfigurationPlatforms) = preSolution
		Debug|Any CPU = Debug|Any CPU
		Release|Any CPU = Release|Any CPU
	EndGlobalSection
	GlobalSection(ProjectConfigurationPlatforms) = postSolution
		{A71485AE-BB9C-43EE-89B5-D60736EE7DC1}.Debug|Any CPU.ActiveCfg = Debug|Any CPU
		{A71485AE-BB9C-43EE-89B5-D60736EE7DC1}.Debug|Any CPU.Build.0 = Debug|Any CPU
		{A71485AE-BB9C-43EE-89B5-D60736EE7DC1}.Release|Any CPU.ActiveCfg = Release|Any CPU
		{A71485AE-BB9C-43EE-89B5-D60736EE7DC1}.Release|Any CPU.Build.0 = Release|Any CPU
		{3716177A-5D49-4A1A-B9E8-79B5DB3264E3}.Debug|Any CPU.ActiveCfg = Debug|Any CPU
		{3716177A-5D49-4A1A-B9E8-79B5DB3264E3}.Debug|Any CPU.Build.0 = Debug|Any CPU
		{3716177A-5D49-4A1A-B9E8-79B5DB3264E3}.Release|Any CPU.ActiveCfg = Release|Any CPU
		{3716177A-5D49-4A1A-B9E8-79B5DB3264E3}.Release|Any CPU.Build.0 = Release|Any CPU
		{B9818BA1-7545-4445-9AF9-FD1E4F99B663}.Debug|Any CPU.ActiveCfg = Debug|Any CPU
		{B9818BA1-7545-4445-9AF9-FD1E4F99B663}.Debug|Any CPU.Build.0 = Debug|Any CPU
		{B9818BA1-7545-4445-9AF9-FD1E4F99B663}.Release|Any CPU.ActiveCfg = Release|Any CPU
		{B9818BA1-7545-4445-9AF9-FD1E4F99B663}.Release|Any CPU.Build.0 = Release|Any CPU
	EndGlobalSection
	GlobalSection(SolutionProperties) = preSolution
		HideSolutionNode = FALSE
	EndGlobalSection
	GlobalSection(ExtensibilityGlobals) = postSolution
		SolutionGuid = {48FBF3A9-8D84-4CFC-BE67-CE82136D1AFF}
	EndGlobalSection
EndGlobal
